{
  "name": "midi-to-yml",
  "version": "1.0.0",
  "lockfileVersion": 1,
  "requires": true,
  "dependencies": {
    "@babel/runtime": {
      "version": "7.7.4",
      "resolved": "https://registry.npmjs.org/@babel/runtime/-/runtime-7.7.4.tgz",
      "integrity": "sha512-r24eVUUr0QqNZa+qrImUk8fn5SPhHq+IfYvIoIMg0do3GdK9sMdiLKP3GYVVaxpPKORgm8KRKaNTEhAjgIpLMw==",
      "requires": {
        "regenerator-runtime": "^0.13.2"
      }
    },
    "@tonejs/midi": {
      "version": "2.0.15",
      "resolved": "https://registry.npmjs.org/@tonejs/midi/-/midi-2.0.15.tgz",
      "integrity": "sha512-fBfSHvGWCPJePzbizQnCOQY/jZB0DpSHcNvlsYD40HcHFsA9oDzIU/zauWfMfoP8EBywPUYipOIh/GXiklWuJA==",
      "requires": {
        "array-flatten": "^2.1.2",
        "midi-file": "^1.1.1"
      }
    },
    "array-flatten": {
      "version": "2.1.2",
      "resolved": "https://registry.npmjs.org/array-flatten/-/array-flatten-2.1.2.tgz",
      "integrity": "sha512-hNfzcOV8W4NdualtqBFPyVO+54DSJuZGY9qT4pRroB6S9e3iiido2ISIC5h9R2sPJ8H3FHCIiEnsv1lPXO3KtQ=="
    },
    "midi-file": {
      "version": "1.1.2",
      "resolved": "https://registry.npmjs.org/midi-file/-/midi-file-1.1.2.tgz",
      "integrity": "sha512-VQNzirfADDFXTymgPJv2VfLylCq14spRNFhpA6u7dLqPMbw1BqGf5u9B0k7z++8X1RMs57pyn+G4kzhyIatlyw=="
    },
    "regenerator-runtime": {
      "version": "0.13.3",
      "resolved": "https://registry.npmjs.org/regenerator-runtime/-/regenerator-runtime-0.13.3.tgz",
      "integrity": "sha512-naKIZz2GQ8JWh///G7L3X6LaQUAMp2lvb1rvwwsURe/VXwD6VMfr+/1NuNw3ag8v2kY1aQ/go5SNn79O9JU7yw=="
    },
    "yaml": {
      "version": "1.7.2",
      "resolved": "https://registry.npmjs.org/yaml/-/yaml-1.7.2.tgz",
      "integrity": "sha512-qXROVp90sb83XtAoqE8bP9RwAkTTZbugRUTm5YeFCBfNRPEp2YzTeqWiz7m5OORHzEvrA/qcGS8hp/E+MMROYw==",
      "requires": {
        "@babel/runtime": "^7.6.3"
      }
    }
  }
}
